
Microsoft Visual Studio Solution File, Format Version 12.00
# Visual Studio 15
VisualStudioVersion = 15.0.26124.0
MinimumVisualStudioVersion = 15.0.26124.0
Project("{FAE04EC0-301F-11D3-BF4B-00C04F79EFBC}") = "WCLAggregator", "WCLAggregator\WCLAggregator.csproj", "{F88A0EE0-BD8F-4095-9066-43F95B55A86E}"
EndProject
Project("{FAE04EC0-301F-11D3-BF4B-00C04F79EFBC}") = "WCLAggregatorUnitTests", "WCLAggregatorUnitTests\WCLAggregatorUnitTests.csproj", "{18A153B0-194A-4041-869A-A733750D54CF}"
EndProject
Global
	GlobalSection(SolutionConfigurationPlatforms) = preSolution
		Debug|Any CPU = Debug|Any CPU
		Debug|x64 = Debug|x64
		Debug|x86 = Debug|x86
		Release|Any CPU = Release|Any CPU
		Release|x64 = Release|x64
		Release|x86 = Release|x86
	EndGlobalSection
	GlobalSection(SolutionProperties) = preSolution
		HideSolutionNode = FALSE
	EndGlobalSection
	GlobalSection(ProjectConfigurationPlatforms) = postSolution
		{F88A0EE0-BD8F-4095-9066-43F95B55A86E}.Debug|Any CPU.ActiveCfg = Debug|Any CPU
		{F88A0EE0-BD8F-4095-9066-43F95B55A86E}.Debug|Any CPU.Build.0 = Debug|Any CPU
		{F88A0EE0-BD8F-4095-9066-43F95B55A86E}.Debug|x64.ActiveCfg = Debug|Any CPU
		{F88A0EE0-BD8F-4095-9066-43F95B55A86E}.Debug|x64.Build.0 = Debug|Any CPU
		{F88A0EE0-BD8F-4095-9066-43F95B55A86E}.Debug|x86.ActiveCfg = Debug|Any CPU
		{F88A0EE0-BD8F-4095-9066-43F95B55A86E}.Debug|x86.Build.0 = Debug|Any CPU
		{F88A0EE0-BD8F-4095-9066-43F95B55A86E}.Release|Any CPU.ActiveCfg = Release|Any CPU
		{F88A0EE0-BD8F-4095-9066-43F95B55A86E}.Release|Any CPU.Build.0 = Release|Any CPU
		{F88A0EE0-BD8F-4095-9066-43F95B55A86E}.Release|x64.ActiveCfg = Release|Any CPU
		{F88A0EE0-BD8F-4095-9066-43F95B55A86E}.Release|x64.Build.0 = Release|Any CPU
		{F88A0EE0-BD8F-4095-9066-43F95B55A86E}.Release|x86.ActiveCfg = Release|Any CPU
		{F88A0EE0-BD8F-4095-9066-43F95B55A86E}.Release|x86.Build.0 = Release|Any CPU
		{18A153B0-194A-4041-869A-A733750D54CF}.Debug|Any CPU.ActiveCfg = Debug|Any CPU
		{18A153B0-194A-4041-869A-A733750D54CF}.Debug|Any CPU.Build.0 = Debug|Any CPU
		{18A153B0-194A-4041-869A-A733750D54CF}.Debug|x64.ActiveCfg = Debug|Any CPU
		{18A153B0-194A-4041-869A-A733750D54CF}.Debug|x64.Build.0 = Debug|Any CPU
		{18A153B0-194A-4041-869A-A733750D54CF}.Debug|x86.ActiveCfg = Debug|Any CPU
		{18A153B0-194A-4041-869A-A733750D54CF}.Debug|x86.Build.0 = Debug|Any CPU
		{18A153B0-194A-4041-869A-A733750D54CF}.Release|Any CPU.ActiveCfg = Release|Any CPU
		{18A153B0-194A-4041-869A-A733750D54CF}.Release|Any CPU.Build.0 = Release|Any CPU
		{18A153B0-194A-4041-869A-A733750D54CF}.Release|x64.ActiveCfg = Release|Any CPU
		{18A153B0-194A-4041-869A-A733750D54CF}.Release|x64.Build.0 = Release|Any CPU
		{18A153B0-194A-4041-869A-A733750D54CF}.Release|x86.ActiveCfg = Release|Any CPU
		{18A153B0-194A-4041-869A-A733750D54CF}.Release|x86.Build.0 = Release|Any CPU
	EndGlobalSection
EndGlobal
